
Microsoft Visual Studio Solution File, Format Version 12.00
# Visual Studio Version 17
VisualStudioVersion = 17.2.32526.322
MinimumVisualStudioVersion = 10.0.40219.1
Project("{2150E333-8FDC-42A3-9474-1A3956D46DE8}") = "Itens de Solução", "Itens de Solução", "{85A01083-1BF8-418B-8EA2-030099BC49A3}"
	ProjectSection(SolutionItems) = preProject
		TelaDados.html = TelaDados.html
	EndProjectSection
EndProject
Global
	GlobalSection(SolutionProperties) = preSolution
		HideSolutionNode = FALSE
	EndGlobalSection
	GlobalSection(ExtensibilityGlobals) = postSolution
		SolutionGuid = {AE927A44-E649-4EA5-B981-C364D1FFB305}
	EndGlobalSection
EndGlobal
